
Microsoft Visual Studio Solution File, Format Version 12.00
# Visual Studio Version 17
VisualStudioVersion = 17.8.34330.188
MinimumVisualStudioVersion = 10.0.40219.1
Project("{FAE04EC0-301F-11D3-BF4B-00C04F79EFBC}") = "TravelBlogWeb", "TravelBlogWeb\TravelBlogWeb.csproj", "{CC23163D-6EDA-408F-9743-79289CBA29DE}"
EndProject
Global
	GlobalSection(SolutionConfigurationPlatforms) = preSolution
		Debug|Any CPU = Debug|Any CPU
		Release|Any CPU = Release|Any CPU
	EndGlobalSection
	GlobalSection(ProjectConfigurationPlatforms) = postSolution
		{CC23163D-6EDA-408F-9743-79289CBA29DE}.Debug|Any CPU.ActiveCfg = Debug|Any CPU
		{CC23163D-6EDA-408F-9743-79289CBA29DE}.Debug|Any CPU.Build.0 = Debug|Any CPU
		{CC23163D-6EDA-408F-9743-79289CBA29DE}.Release|Any CPU.ActiveCfg = Release|Any CPU
		{CC23163D-6EDA-408F-9743-79289CBA29DE}.Release|Any CPU.Build.0 = Release|Any CPU
	EndGlobalSection
	GlobalSection(SolutionProperties) = preSolution
		HideSolutionNode = FALSE
	EndGlobalSection
	GlobalSection(ExtensibilityGlobals) = postSolution
		SolutionGuid = {D9708D78-9CCD-4177-8305-CB7371E9860D}
	EndGlobalSection
EndGlobal
